
Microsoft Visual Studio Solution File, Format Version 12.00
# Visual Studio Version 17
VisualStudioVersion = 17.2.32519.379
MinimumVisualStudioVersion = 10.0.40219.1
Project("{2150E333-8FDC-42A3-9474-1A3956D46DE8}") = "src", "src", "{BC4440C5-52CF-476B-BE10-1FEDAA2B9537}"
EndProject
Project("{2150E333-8FDC-42A3-9474-1A3956D46DE8}") = "Core", "Core", "{6C709C36-69BB-4BB6-9F0F-BA1C8612BCBA}"
EndProject
Project("{9A19103F-16F7-4668-BE54-9A1E7A4F7556}") = "TodoApp.Domain", "src\Core\TodoApp.Domain\TodoApp.Domain.csproj", "{9CEEE474-FD34-4EA3-988C-38A59E75B607}"
EndProject
Project("{9A19103F-16F7-4668-BE54-9A1E7A4F7556}") = "TodoApp.Application", "src\Core\TodoApp.Application\TodoApp.Application.csproj", "{0DCC5302-67E3-4DEC-9DC5-8483AB4B2D2B}"
EndProject
Project("{2150E333-8FDC-42A3-9474-1A3956D46DE8}") = "Infrastructure", "Infrastructure", "{B357746C-960B-42AC-A052-4AACCD6A3A96}"
EndProject
Project("{9A19103F-16F7-4668-BE54-9A1E7A4F7556}") = "TodoApp.Persistence", "src\Infrastructure\TodoApp.Persistence\TodoApp.Persistence.csproj", "{B2A6FE84-0EEA-4206-A494-83D06FBB95A0}"
EndProject
Project("{2150E333-8FDC-42A3-9474-1A3956D46DE8}") = "WebApi", "WebApi", "{1C4B2F66-9ECE-4CE8-B2CE-AE2FA554D5AF}"
EndProject
Project("{9A19103F-16F7-4668-BE54-9A1E7A4F7556}") = "TodoApp.WebApi", "src\WebApi\TodoApp.WebApi\TodoApp.WebApi.csproj", "{A6ECA306-BBEF-432F-B249-7AAB2218E5DC}"
EndProject
Project("{2150E333-8FDC-42A3-9474-1A3956D46DE8}") = "Test", "Test", "{B9CA301F-0A43-4937-BE0E-BA4F71C5B074}"
EndProject
Project("{FAE04EC0-301F-11D3-BF4B-00C04F79EFBC}") = "TodoApp.Test", "src\Test\TodoApp.Test\TodoApp.Test.csproj", "{5E61D826-C536-47E1-AFC5-FA50F54B4F38}"
EndProject
Global
	GlobalSection(SolutionConfigurationPlatforms) = preSolution
		Debug|Any CPU = Debug|Any CPU
		Release|Any CPU = Release|Any CPU
	EndGlobalSection
	GlobalSection(ProjectConfigurationPlatforms) = postSolution
		{9CEEE474-FD34-4EA3-988C-38A59E75B607}.Debug|Any CPU.ActiveCfg = Debug|Any CPU
		{9CEEE474-FD34-4EA3-988C-38A59E75B607}.Debug|Any CPU.Build.0 = Debug|Any CPU
		{9CEEE474-FD34-4EA3-988C-38A59E75B607}.Release|Any CPU.ActiveCfg = Release|Any CPU
		{9CEEE474-FD34-4EA3-988C-38A59E75B607}.Release|Any CPU.Build.0 = Release|Any CPU
		{0DCC5302-67E3-4DEC-9DC5-8483AB4B2D2B}.Debug|Any CPU.ActiveCfg = Debug|Any CPU
		{0DCC5302-67E3-4DEC-9DC5-8483AB4B2D2B}.Debug|Any CPU.Build.0 = Debug|Any CPU
		{0DCC5302-67E3-4DEC-9DC5-8483AB4B2D2B}.Release|Any CPU.ActiveCfg = Release|Any CPU
		{0DCC5302-67E3-4DEC-9DC5-8483AB4B2D2B}.Release|Any CPU.Build.0 = Release|Any CPU
		{B2A6FE84-0EEA-4206-A494-83D06FBB95A0}.Debug|Any CPU.ActiveCfg = Debug|Any CPU
		{B2A6FE84-0EEA-4206-A494-83D06FBB95A0}.Debug|Any CPU.Build.0 = Debug|Any CPU
		{B2A6FE84-0EEA-4206-A494-83D06FBB95A0}.Release|Any CPU.ActiveCfg = Release|Any CPU
		{B2A6FE84-0EEA-4206-A494-83D06FBB95A0}.Release|Any CPU.Build.0 = Release|Any CPU
		{A6ECA306-BBEF-432F-B249-7AAB2218E5DC}.Debug|Any CPU.ActiveCfg = Debug|Any CPU
		{A6ECA306-BBEF-432F-B249-7AAB2218E5DC}.Debug|Any CPU.Build.0 = Debug|Any CPU
		{A6ECA306-BBEF-432F-B249-7AAB2218E5DC}.Release|Any CPU.ActiveCfg = Release|Any CPU
		{A6ECA306-BBEF-432F-B249-7AAB2218E5DC}.Release|Any CPU.Build.0 = Release|Any CPU
		{5E61D826-C536-47E1-AFC5-FA50F54B4F38}.Debug|Any CPU.ActiveCfg = Debug|Any CPU
		{5E61D826-C536-47E1-AFC5-FA50F54B4F38}.Debug|Any CPU.Build.0 = Debug|Any CPU
		{5E61D826-C536-47E1-AFC5-FA50F54B4F38}.Release|Any CPU.ActiveCfg = Release|Any CPU
		{5E61D826-C536-47E1-AFC5-FA50F54B4F38}.Release|Any CPU.Build.0 = Release|Any CPU
	EndGlobalSection
	GlobalSection(SolutionProperties) = preSolution
		HideSolutionNode = FALSE
	EndGlobalSection
	GlobalSection(NestedProjects) = preSolution
		{6C709C36-69BB-4BB6-9F0F-BA1C8612BCBA} = {BC4440C5-52CF-476B-BE10-1FEDAA2B9537}
		{9CEEE474-FD34-4EA3-988C-38A59E75B607} = {6C709C36-69BB-4BB6-9F0F-BA1C8612BCBA}
		{0DCC5302-67E3-4DEC-9DC5-8483AB4B2D2B} = {6C709C36-69BB-4BB6-9F0F-BA1C8612BCBA}
		{B357746C-960B-42AC-A052-4AACCD6A3A96} = {BC4440C5-52CF-476B-BE10-1FEDAA2B9537}
		{B2A6FE84-0EEA-4206-A494-83D06FBB95A0} = {B357746C-960B-42AC-A052-4AACCD6A3A96}
		{1C4B2F66-9ECE-4CE8-B2CE-AE2FA554D5AF} = {BC4440C5-52CF-476B-BE10-1FEDAA2B9537}
		{A6ECA306-BBEF-432F-B249-7AAB2218E5DC} = {1C4B2F66-9ECE-4CE8-B2CE-AE2FA554D5AF}
		{B9CA301F-0A43-4937-BE0E-BA4F71C5B074} = {BC4440C5-52CF-476B-BE10-1FEDAA2B9537}
		{5E61D826-C536-47E1-AFC5-FA50F54B4F38} = {B9CA301F-0A43-4937-BE0E-BA4F71C5B074}
	EndGlobalSection
	GlobalSection(ExtensibilityGlobals) = postSolution
		SolutionGuid = {6115BE1D-353B-4996-8F47-D337953A11F3}
	EndGlobalSection
EndGlobal
